
Microsoft Visual Studio Solution File, Format Version 12.00
Project("{FAE04EC0-301F-11D3-BF4B-00C04F79EFBC}") = "MementoMetanit", "MementoMetanit\MementoMetanit.csproj", "{889DD2E6-E350-44DF-AA7E-64EC0E51C577}"
EndProject
Project("{FAE04EC0-301F-11D3-BF4B-00C04F79EFBC}") = "DecoratorMetanit", "DecoratorMetanit\DecoratorMetanit.csproj", "{055A0E00-9BC6-48D4-A0E8-222A8FA096A5}"
EndProject
Project("{FAE04EC0-301F-11D3-BF4B-00C04F79EFBC}") = "StrategyMetanit", "StrategyMetanit\StrategyMetanit.csproj", "{E75328C4-7747-4052-9B48-4D1910BEDAC5}"
EndProject
Project("{FAE04EC0-301F-11D3-BF4B-00C04F79EFBC}") = "FactoryMethodMetanit", "FactoryMethodMetanit\FactoryMethodMetanit.csproj", "{B1DED3D7-92B7-413D-B712-F656A486D2B6}"
EndProject
Project("{FAE04EC0-301F-11D3-BF4B-00C04F79EFBC}") = "AbstactFactoryMetanit", "AbstactFactoryMetanit\AbstactFactoryMetanit.csproj", "{792CE35A-3898-412D-961B-DC0ABE8FE7AA}"
EndProject
Project("{FAE04EC0-301F-11D3-BF4B-00C04F79EFBC}") = "PrototypeMetanit", "PrototypeMetanit\PrototypeMetanit.csproj", "{40C342DE-FE5E-4F85-BB07-1CA0B5E3B71F}"
EndProject
Project("{FAE04EC0-301F-11D3-BF4B-00C04F79EFBC}") = "BuilderMetanit", "BuilderMetanit\BuilderMetanit.csproj", "{A11EEB15-6B5D-490F-B501-2A9863F506F8}"
EndProject
Project("{FAE04EC0-301F-11D3-BF4B-00C04F79EFBC}") = "ObserverMetanit", "ObserverMetanit\ObserverMetanit.csproj", "{B0D7FCC4-0EC7-44C8-80A2-4D6CF755D8F1}"
EndProject
Project("{FAE04EC0-301F-11D3-BF4B-00C04F79EFBC}") = "CommandMetanit", "CommandMetanit\CommandMetanit.csproj", "{F93A9933-7C03-4E51-A1A7-05CB9893EB34}"
EndProject
Project("{FAE04EC0-301F-11D3-BF4B-00C04F79EFBC}") = "ChainOfResponsibilityMetanit", "ChainOfResponsibilityMetanit\ChainOfResponsibilityMetanit.csproj", "{E0E1159D-F814-4E32-A812-3A63CD4F1057}"
EndProject
Project("{FAE04EC0-301F-11D3-BF4B-00C04F79EFBC}") = "FacadeMetanit", "FacadeMetanit\FacadeMetanit.csproj", "{DA5749FB-F33A-450C-8BD4-81D2ECBF5041}"
EndProject
Project("{FAE04EC0-301F-11D3-BF4B-00C04F79EFBC}") = "BridgeMetanit", "BridgeMetanit\BridgeMetanit.csproj", "{F8AC39A5-4A1C-4981-BAE3-0C93480E7C0D}"
EndProject
Project("{FAE04EC0-301F-11D3-BF4B-00C04F79EFBC}") = "StateMetanit", "StateMetanit\StateMetanit.csproj", "{6579A951-9EED-4694-8B8C-9D4911CDA0A0}"
EndProject
Project("{FAE04EC0-301F-11D3-BF4B-00C04F79EFBC}") = "SingletonMetanit", "SingletonMetanit\SingletonMetanit.csproj", "{83E06534-E7EF-4CBD-905D-90280EDB1069}"
EndProject
Project("{FAE04EC0-301F-11D3-BF4B-00C04F79EFBC}") = "TemplateMethodMetanit", "TemplateMethodMetanit\TemplateMethodMetanit.csproj", "{A768D7C3-FD78-4E1C-970C-57E29A339DDF}"
EndProject
Project("{2150E333-8FDC-42A3-9474-1A3956D46DE8}") = "A Порождающие", "A Порождающие", "{0EE1E828-47F9-4FD2-A860-B99D2E2EE87B}"
EndProject
Project("{2150E333-8FDC-42A3-9474-1A3956D46DE8}") = "B Структурные", "B Структурные", "{8D3B4759-1EBF-4CD4-AE11-460028E00BFD}"
EndProject
Project("{2150E333-8FDC-42A3-9474-1A3956D46DE8}") = "C Поведенческие", "C Поведенческие", "{B7A08D5C-FD95-4888-8C06-14A35165295A}"
EndProject
Project("{FAE04EC0-301F-11D3-BF4B-00C04F79EFBC}") = "AdapterMetanit", "AdapterMetanit\AdapterMetanit.csproj", "{1C7C1502-B1A3-4A97-96A5-0BD8623035B2}"
EndProject
Project("{FAE04EC0-301F-11D3-BF4B-00C04F79EFBC}") = "CompositeMetanit", "CompositeMetanit\CompositeMetanit.csproj", "{489E987C-FD45-4C5A-858B-12B856172D7D}"
EndProject
Project("{FAE04EC0-301F-11D3-BF4B-00C04F79EFBC}") = "ProxyRefactoringGuru", "ProxyRefactoringGuru\ProxyRefactoringGuru.csproj", "{288C18A5-5FE0-41DC-B86A-7A8CE8D87644}"
EndProject
Project("{FAE04EC0-301F-11D3-BF4B-00C04F79EFBC}") = "FlyweightMetanit", "FlyweightMetanit\FlyweightMetanit.csproj", "{BDFCAD82-49D6-4B45-B39C-C2B1F978F2BA}"
EndProject
Project("{FAE04EC0-301F-11D3-BF4B-00C04F79EFBC}") = "StrategyVladDota", "StrategyVladDota\StrategyVladDota.csproj", "{702DBFA8-0E37-47C4-9219-6E8928CABEAE}"
EndProject
Project("{FAE04EC0-301F-11D3-BF4B-00C04F79EFBC}") = "MediatorMetanit", "MediatorMetanit\MediatorMetanit.csproj", "{F46A406E-04B7-4400-AF27-2C834469A887}"
EndProject
Project("{FAE04EC0-301F-11D3-BF4B-00C04F79EFBC}") = "VisitorMetanit", "VisitorMetanit\VisitorMetanit.csproj", "{648C36C2-CF18-452C-A96A-C9E0CBAAF451}"
EndProject
Global
	GlobalSection(SolutionConfigurationPlatforms) = preSolution
		Debug|Any CPU = Debug|Any CPU
		Release|Any CPU = Release|Any CPU
	EndGlobalSection
	GlobalSection(ProjectConfigurationPlatforms) = postSolution
		{889DD2E6-E350-44DF-AA7E-64EC0E51C577}.Debug|Any CPU.ActiveCfg = Debug|Any CPU
		{889DD2E6-E350-44DF-AA7E-64EC0E51C577}.Debug|Any CPU.Build.0 = Debug|Any CPU
		{889DD2E6-E350-44DF-AA7E-64EC0E51C577}.Release|Any CPU.ActiveCfg = Release|Any CPU
		{889DD2E6-E350-44DF-AA7E-64EC0E51C577}.Release|Any CPU.Build.0 = Release|Any CPU
		{055A0E00-9BC6-48D4-A0E8-222A8FA096A5}.Debug|Any CPU.ActiveCfg = Debug|Any CPU
		{055A0E00-9BC6-48D4-A0E8-222A8FA096A5}.Debug|Any CPU.Build.0 = Debug|Any CPU
		{055A0E00-9BC6-48D4-A0E8-222A8FA096A5}.Release|Any CPU.ActiveCfg = Release|Any CPU
		{055A0E00-9BC6-48D4-A0E8-222A8FA096A5}.Release|Any CPU.Build.0 = Release|Any CPU
		{E75328C4-7747-4052-9B48-4D1910BEDAC5}.Debug|Any CPU.ActiveCfg = Debug|Any CPU
		{E75328C4-7747-4052-9B48-4D1910BEDAC5}.Debug|Any CPU.Build.0 = Debug|Any CPU
		{E75328C4-7747-4052-9B48-4D1910BEDAC5}.Release|Any CPU.ActiveCfg = Release|Any CPU
		{E75328C4-7747-4052-9B48-4D1910BEDAC5}.Release|Any CPU.Build.0 = Release|Any CPU
		{B1DED3D7-92B7-413D-B712-F656A486D2B6}.Debug|Any CPU.ActiveCfg = Debug|Any CPU
		{B1DED3D7-92B7-413D-B712-F656A486D2B6}.Debug|Any CPU.Build.0 = Debug|Any CPU
		{B1DED3D7-92B7-413D-B712-F656A486D2B6}.Release|Any CPU.ActiveCfg = Release|Any CPU
		{B1DED3D7-92B7-413D-B712-F656A486D2B6}.Release|Any CPU.Build.0 = Release|Any CPU
		{792CE35A-3898-412D-961B-DC0ABE8FE7AA}.Debug|Any CPU.ActiveCfg = Debug|Any CPU
		{792CE35A-3898-412D-961B-DC0ABE8FE7AA}.Debug|Any CPU.Build.0 = Debug|Any CPU
		{792CE35A-3898-412D-961B-DC0ABE8FE7AA}.Release|Any CPU.ActiveCfg = Release|Any CPU
		{792CE35A-3898-412D-961B-DC0ABE8FE7AA}.Release|Any CPU.Build.0 = Release|Any CPU
		{40C342DE-FE5E-4F85-BB07-1CA0B5E3B71F}.Debug|Any CPU.ActiveCfg = Debug|Any CPU
		{40C342DE-FE5E-4F85-BB07-1CA0B5E3B71F}.Debug|Any CPU.Build.0 = Debug|Any CPU
		{40C342DE-FE5E-4F85-BB07-1CA0B5E3B71F}.Release|Any CPU.ActiveCfg = Release|Any CPU
		{40C342DE-FE5E-4F85-BB07-1CA0B5E3B71F}.Release|Any CPU.Build.0 = Release|Any CPU
		{A11EEB15-6B5D-490F-B501-2A9863F506F8}.Debug|Any CPU.ActiveCfg = Debug|Any CPU
		{A11EEB15-6B5D-490F-B501-2A9863F506F8}.Debug|Any CPU.Build.0 = Debug|Any CPU
		{A11EEB15-6B5D-490F-B501-2A9863F506F8}.Release|Any CPU.ActiveCfg = Release|Any CPU
		{A11EEB15-6B5D-490F-B501-2A9863F506F8}.Release|Any CPU.Build.0 = Release|Any CPU
		{B0D7FCC4-0EC7-44C8-80A2-4D6CF755D8F1}.Debug|Any CPU.ActiveCfg = Debug|Any CPU
		{B0D7FCC4-0EC7-44C8-80A2-4D6CF755D8F1}.Debug|Any CPU.Build.0 = Debug|Any CPU
		{B0D7FCC4-0EC7-44C8-80A2-4D6CF755D8F1}.Release|Any CPU.ActiveCfg = Release|Any CPU
		{B0D7FCC4-0EC7-44C8-80A2-4D6CF755D8F1}.Release|Any CPU.Build.0 = Release|Any CPU
		{F93A9933-7C03-4E51-A1A7-05CB9893EB34}.Debug|Any CPU.ActiveCfg = Debug|Any CPU
		{F93A9933-7C03-4E51-A1A7-05CB9893EB34}.Debug|Any CPU.Build.0 = Debug|Any CPU
		{F93A9933-7C03-4E51-A1A7-05CB9893EB34}.Release|Any CPU.ActiveCfg = Release|Any CPU
		{F93A9933-7C03-4E51-A1A7-05CB9893EB34}.Release|Any CPU.Build.0 = Release|Any CPU
		{E0E1159D-F814-4E32-A812-3A63CD4F1057}.Debug|Any CPU.ActiveCfg = Debug|Any CPU
		{E0E1159D-F814-4E32-A812-3A63CD4F1057}.Debug|Any CPU.Build.0 = Debug|Any CPU
		{E0E1159D-F814-4E32-A812-3A63CD4F1057}.Release|Any CPU.ActiveCfg = Release|Any CPU
		{E0E1159D-F814-4E32-A812-3A63CD4F1057}.Release|Any CPU.Build.0 = Release|Any CPU
		{DA5749FB-F33A-450C-8BD4-81D2ECBF5041}.Debug|Any CPU.ActiveCfg = Debug|Any CPU
		{DA5749FB-F33A-450C-8BD4-81D2ECBF5041}.Debug|Any CPU.Build.0 = Debug|Any CPU
		{DA5749FB-F33A-450C-8BD4-81D2ECBF5041}.Release|Any CPU.ActiveCfg = Release|Any CPU
		{DA5749FB-F33A-450C-8BD4-81D2ECBF5041}.Release|Any CPU.Build.0 = Release|Any CPU
		{F8AC39A5-4A1C-4981-BAE3-0C93480E7C0D}.Debug|Any CPU.ActiveCfg = Debug|Any CPU
		{F8AC39A5-4A1C-4981-BAE3-0C93480E7C0D}.Debug|Any CPU.Build.0 = Debug|Any CPU
		{F8AC39A5-4A1C-4981-BAE3-0C93480E7C0D}.Release|Any CPU.ActiveCfg = Release|Any CPU
		{F8AC39A5-4A1C-4981-BAE3-0C93480E7C0D}.Release|Any CPU.Build.0 = Release|Any CPU
		{6579A951-9EED-4694-8B8C-9D4911CDA0A0}.Debug|Any CPU.ActiveCfg = Debug|Any CPU
		{6579A951-9EED-4694-8B8C-9D4911CDA0A0}.Debug|Any CPU.Build.0 = Debug|Any CPU
		{6579A951-9EED-4694-8B8C-9D4911CDA0A0}.Release|Any CPU.ActiveCfg = Release|Any CPU
		{6579A951-9EED-4694-8B8C-9D4911CDA0A0}.Release|Any CPU.Build.0 = Release|Any CPU
		{83E06534-E7EF-4CBD-905D-90280EDB1069}.Debug|Any CPU.ActiveCfg = Debug|Any CPU
		{83E06534-E7EF-4CBD-905D-90280EDB1069}.Debug|Any CPU.Build.0 = Debug|Any CPU
		{83E06534-E7EF-4CBD-905D-90280EDB1069}.Release|Any CPU.ActiveCfg = Release|Any CPU
		{83E06534-E7EF-4CBD-905D-90280EDB1069}.Release|Any CPU.Build.0 = Release|Any CPU
		{A768D7C3-FD78-4E1C-970C-57E29A339DDF}.Debug|Any CPU.ActiveCfg = Debug|Any CPU
		{A768D7C3-FD78-4E1C-970C-57E29A339DDF}.Debug|Any CPU.Build.0 = Debug|Any CPU
		{A768D7C3-FD78-4E1C-970C-57E29A339DDF}.Release|Any CPU.ActiveCfg = Release|Any CPU
		{A768D7C3-FD78-4E1C-970C-57E29A339DDF}.Release|Any CPU.Build.0 = Release|Any CPU
		{1C7C1502-B1A3-4A97-96A5-0BD8623035B2}.Debug|Any CPU.ActiveCfg = Debug|Any CPU
		{1C7C1502-B1A3-4A97-96A5-0BD8623035B2}.Debug|Any CPU.Build.0 = Debug|Any CPU
		{1C7C1502-B1A3-4A97-96A5-0BD8623035B2}.Release|Any CPU.ActiveCfg = Release|Any CPU
		{1C7C1502-B1A3-4A97-96A5-0BD8623035B2}.Release|Any CPU.Build.0 = Release|Any CPU
		{489E987C-FD45-4C5A-858B-12B856172D7D}.Debug|Any CPU.ActiveCfg = Debug|Any CPU
		{489E987C-FD45-4C5A-858B-12B856172D7D}.Debug|Any CPU.Build.0 = Debug|Any CPU
		{489E987C-FD45-4C5A-858B-12B856172D7D}.Release|Any CPU.ActiveCfg = Release|Any CPU
		{489E987C-FD45-4C5A-858B-12B856172D7D}.Release|Any CPU.Build.0 = Release|Any CPU
		{288C18A5-5FE0-41DC-B86A-7A8CE8D87644}.Debug|Any CPU.ActiveCfg = Debug|Any CPU
		{288C18A5-5FE0-41DC-B86A-7A8CE8D87644}.Debug|Any CPU.Build.0 = Debug|Any CPU
		{288C18A5-5FE0-41DC-B86A-7A8CE8D87644}.Release|Any CPU.ActiveCfg = Release|Any CPU
		{288C18A5-5FE0-41DC-B86A-7A8CE8D87644}.Release|Any CPU.Build.0 = Release|Any CPU
		{BDFCAD82-49D6-4B45-B39C-C2B1F978F2BA}.Debug|Any CPU.ActiveCfg = Debug|Any CPU
		{BDFCAD82-49D6-4B45-B39C-C2B1F978F2BA}.Debug|Any CPU.Build.0 = Debug|Any CPU
		{BDFCAD82-49D6-4B45-B39C-C2B1F978F2BA}.Release|Any CPU.ActiveCfg = Release|Any CPU
		{BDFCAD82-49D6-4B45-B39C-C2B1F978F2BA}.Release|Any CPU.Build.0 = Release|Any CPU
		{702DBFA8-0E37-47C4-9219-6E8928CABEAE}.Debug|Any CPU.ActiveCfg = Debug|Any CPU
		{702DBFA8-0E37-47C4-9219-6E8928CABEAE}.Debug|Any CPU.Build.0 = Debug|Any CPU
		{702DBFA8-0E37-47C4-9219-6E8928CABEAE}.Release|Any CPU.ActiveCfg = Release|Any CPU
		{702DBFA8-0E37-47C4-9219-6E8928CABEAE}.Release|Any CPU.Build.0 = Release|Any CPU
		{F46A406E-04B7-4400-AF27-2C834469A887}.Debug|Any CPU.ActiveCfg = Debug|Any CPU
		{F46A406E-04B7-4400-AF27-2C834469A887}.Debug|Any CPU.Build.0 = Debug|Any CPU
		{F46A406E-04B7-4400-AF27-2C834469A887}.Release|Any CPU.ActiveCfg = Release|Any CPU
		{F46A406E-04B7-4400-AF27-2C834469A887}.Release|Any CPU.Build.0 = Release|Any CPU
		{648C36C2-CF18-452C-A96A-C9E0CBAAF451}.Debug|Any CPU.ActiveCfg = Debug|Any CPU
		{648C36C2-CF18-452C-A96A-C9E0CBAAF451}.Debug|Any CPU.Build.0 = Debug|Any CPU
		{648C36C2-CF18-452C-A96A-C9E0CBAAF451}.Release|Any CPU.ActiveCfg = Release|Any CPU
		{648C36C2-CF18-452C-A96A-C9E0CBAAF451}.Release|Any CPU.Build.0 = Release|Any CPU
	EndGlobalSection
	GlobalSection(NestedProjects) = preSolution
		{792CE35A-3898-412D-961B-DC0ABE8FE7AA} = {0EE1E828-47F9-4FD2-A860-B99D2E2EE87B}
		{A11EEB15-6B5D-490F-B501-2A9863F506F8} = {0EE1E828-47F9-4FD2-A860-B99D2E2EE87B}
		{B1DED3D7-92B7-413D-B712-F656A486D2B6} = {0EE1E828-47F9-4FD2-A860-B99D2E2EE87B}
		{40C342DE-FE5E-4F85-BB07-1CA0B5E3B71F} = {0EE1E828-47F9-4FD2-A860-B99D2E2EE87B}
		{83E06534-E7EF-4CBD-905D-90280EDB1069} = {0EE1E828-47F9-4FD2-A860-B99D2E2EE87B}
		{F8AC39A5-4A1C-4981-BAE3-0C93480E7C0D} = {8D3B4759-1EBF-4CD4-AE11-460028E00BFD}
		{055A0E00-9BC6-48D4-A0E8-222A8FA096A5} = {8D3B4759-1EBF-4CD4-AE11-460028E00BFD}
		{DA5749FB-F33A-450C-8BD4-81D2ECBF5041} = {8D3B4759-1EBF-4CD4-AE11-460028E00BFD}
		{E0E1159D-F814-4E32-A812-3A63CD4F1057} = {B7A08D5C-FD95-4888-8C06-14A35165295A}
		{F93A9933-7C03-4E51-A1A7-05CB9893EB34} = {B7A08D5C-FD95-4888-8C06-14A35165295A}
		{6579A951-9EED-4694-8B8C-9D4911CDA0A0} = {B7A08D5C-FD95-4888-8C06-14A35165295A}
		{889DD2E6-E350-44DF-AA7E-64EC0E51C577} = {B7A08D5C-FD95-4888-8C06-14A35165295A}
		{B0D7FCC4-0EC7-44C8-80A2-4D6CF755D8F1} = {B7A08D5C-FD95-4888-8C06-14A35165295A}
		{E75328C4-7747-4052-9B48-4D1910BEDAC5} = {B7A08D5C-FD95-4888-8C06-14A35165295A}
		{A768D7C3-FD78-4E1C-970C-57E29A339DDF} = {B7A08D5C-FD95-4888-8C06-14A35165295A}
		{1C7C1502-B1A3-4A97-96A5-0BD8623035B2} = {8D3B4759-1EBF-4CD4-AE11-460028E00BFD}
		{489E987C-FD45-4C5A-858B-12B856172D7D} = {8D3B4759-1EBF-4CD4-AE11-460028E00BFD}
		{288C18A5-5FE0-41DC-B86A-7A8CE8D87644} = {8D3B4759-1EBF-4CD4-AE11-460028E00BFD}
		{BDFCAD82-49D6-4B45-B39C-C2B1F978F2BA} = {8D3B4759-1EBF-4CD4-AE11-460028E00BFD}
		{702DBFA8-0E37-47C4-9219-6E8928CABEAE} = {B7A08D5C-FD95-4888-8C06-14A35165295A}
		{F46A406E-04B7-4400-AF27-2C834469A887} = {B7A08D5C-FD95-4888-8C06-14A35165295A}
		{648C36C2-CF18-452C-A96A-C9E0CBAAF451} = {B7A08D5C-FD95-4888-8C06-14A35165295A}
	EndGlobalSection
EndGlobal
